
Microsoft Visual Studio Solution File, Format Version 11.00
# Visual Studio 2010
Project("{FAE04EC0-301F-11D3-BF4B-00C04F79EFBC}") = "ProjectA_prac", "Assembly-CSharp.csproj", "{9AFA475A-7601-6DD1-FB07-E51A0F72395B}"
EndProject
Global
	GlobalSection(SolutionConfigurationPlatforms) = preSolution
		Debug|Any CPU = Debug|Any CPU
		Release|Any CPU = Release|Any CPU
	EndGlobalSection
	GlobalSection(ProjectConfigurationPlatforms) = postSolution
		{9AFA475A-7601-6DD1-FB07-E51A0F72395B}.Debug|Any CPU.ActiveCfg = Debug|Any CPU
		{9AFA475A-7601-6DD1-FB07-E51A0F72395B}.Debug|Any CPU.Build.0 = Debug|Any CPU
		{9AFA475A-7601-6DD1-FB07-E51A0F72395B}.Release|Any CPU.ActiveCfg = Release|Any CPU
		{9AFA475A-7601-6DD1-FB07-E51A0F72395B}.Release|Any CPU.Build.0 = Release|Any CPU
	EndGlobalSection
	GlobalSection(SolutionProperties) = preSolution
		HideSolutionNode = FALSE
	EndGlobalSection
	GlobalSection(MonoDevelopProperties) = preSolution
		StartupItem = Assembly-CSharp.csproj
	EndGlobalSection
EndGlobal
